
Microsoft Visual Studio Solution File, Format Version 12.00
# Visual Studio Version 17
VisualStudioVersion = 17.4.33403.182
MinimumVisualStudioVersion = 10.0.40219.1
Project("{9A19103F-16F7-4668-BE54-9A1E7A4F7556}") = "Assignment 1", "Assignment 1\Assignment 1.csproj", "{5F39E37E-163A-4896-B73C-2138DDD41EB1}"
EndProject
Project("{9A19103F-16F7-4668-BE54-9A1E7A4F7556}") = "Assignment 2", "Assignment 2\Assignment 2.csproj", "{D8EA95DD-11D0-4340-8510-39D10B545B11}"
EndProject
Project("{9A19103F-16F7-4668-BE54-9A1E7A4F7556}") = "Assignment 5", "Assignment 5\Assignment 5.csproj", "{1127738B-4F6E-4DE6-ACAF-6B7C5EB4F5E4}"
EndProject
Project("{9A19103F-16F7-4668-BE54-9A1E7A4F7556}") = "Assignment 6", "Assignment 6\Assignment 6.csproj", "{06F3018E-5AD3-4638-8D44-98DB81095D90}"
EndProject
Project("{9A19103F-16F7-4668-BE54-9A1E7A4F7556}") = "Assignment 7", "Assignment 7\Assignment 7.csproj", "{5587E7BB-AE1D-4112-AFF4-6E27B284D848}"
EndProject
Project("{FAE04EC0-301F-11D3-BF4B-00C04F79EFBC}") = "Assignment 8", "Assignment 8\Assignment 8.csproj", "{B269B42E-9DB1-43B9-B363-A0F839AB9C66}"
EndProject
Global
	GlobalSection(SolutionConfigurationPlatforms) = preSolution
		Debug|Any CPU = Debug|Any CPU
		Release|Any CPU = Release|Any CPU
	EndGlobalSection
	GlobalSection(ProjectConfigurationPlatforms) = postSolution
		{5F39E37E-163A-4896-B73C-2138DDD41EB1}.Debug|Any CPU.ActiveCfg = Debug|Any CPU
		{5F39E37E-163A-4896-B73C-2138DDD41EB1}.Debug|Any CPU.Build.0 = Debug|Any CPU
		{5F39E37E-163A-4896-B73C-2138DDD41EB1}.Release|Any CPU.ActiveCfg = Release|Any CPU
		{5F39E37E-163A-4896-B73C-2138DDD41EB1}.Release|Any CPU.Build.0 = Release|Any CPU
		{D8EA95DD-11D0-4340-8510-39D10B545B11}.Debug|Any CPU.ActiveCfg = Debug|Any CPU
		{D8EA95DD-11D0-4340-8510-39D10B545B11}.Debug|Any CPU.Build.0 = Debug|Any CPU
		{D8EA95DD-11D0-4340-8510-39D10B545B11}.Release|Any CPU.ActiveCfg = Release|Any CPU
		{D8EA95DD-11D0-4340-8510-39D10B545B11}.Release|Any CPU.Build.0 = Release|Any CPU
		{1127738B-4F6E-4DE6-ACAF-6B7C5EB4F5E4}.Debug|Any CPU.ActiveCfg = Debug|Any CPU
		{1127738B-4F6E-4DE6-ACAF-6B7C5EB4F5E4}.Debug|Any CPU.Build.0 = Debug|Any CPU
		{1127738B-4F6E-4DE6-ACAF-6B7C5EB4F5E4}.Release|Any CPU.ActiveCfg = Release|Any CPU
		{1127738B-4F6E-4DE6-ACAF-6B7C5EB4F5E4}.Release|Any CPU.Build.0 = Release|Any CPU
		{06F3018E-5AD3-4638-8D44-98DB81095D90}.Debug|Any CPU.ActiveCfg = Debug|Any CPU
		{06F3018E-5AD3-4638-8D44-98DB81095D90}.Debug|Any CPU.Build.0 = Debug|Any CPU
		{06F3018E-5AD3-4638-8D44-98DB81095D90}.Release|Any CPU.ActiveCfg = Release|Any CPU
		{06F3018E-5AD3-4638-8D44-98DB81095D90}.Release|Any CPU.Build.0 = Release|Any CPU
		{5587E7BB-AE1D-4112-AFF4-6E27B284D848}.Debug|Any CPU.ActiveCfg = Debug|Any CPU
		{5587E7BB-AE1D-4112-AFF4-6E27B284D848}.Debug|Any CPU.Build.0 = Debug|Any CPU
		{5587E7BB-AE1D-4112-AFF4-6E27B284D848}.Release|Any CPU.ActiveCfg = Release|Any CPU
		{5587E7BB-AE1D-4112-AFF4-6E27B284D848}.Release|Any CPU.Build.0 = Release|Any CPU
		{B269B42E-9DB1-43B9-B363-A0F839AB9C66}.Debug|Any CPU.ActiveCfg = Debug|Any CPU
		{B269B42E-9DB1-43B9-B363-A0F839AB9C66}.Debug|Any CPU.Build.0 = Debug|Any CPU
		{B269B42E-9DB1-43B9-B363-A0F839AB9C66}.Release|Any CPU.ActiveCfg = Release|Any CPU
		{B269B42E-9DB1-43B9-B363-A0F839AB9C66}.Release|Any CPU.Build.0 = Release|Any CPU
	EndGlobalSection
	GlobalSection(SolutionProperties) = preSolution
		HideSolutionNode = FALSE
	EndGlobalSection
	GlobalSection(ExtensibilityGlobals) = postSolution
		SolutionGuid = {1B072502-44BB-4D5D-A3EF-E5CD27CFDE61}
	EndGlobalSection
EndGlobal
